// !$*UTF8*$!
{
	archiveVersion = 1;
	classes = {
	};
	objectVersion = 46;
	objects = {

/* Begin PBXBuildFile section */
		417B2B081A92BF520030271B /* libIQKeyboardManager.a in Frameworks */ = {isa = PBXBuildFile; fileRef = 417B2AFC1A92BF520030271B /* libIQKeyboardManager.a */; };
		417B2B361A92BF7D0030271B /* IQNSArray+Sort.m in Sources */ = {isa = PBXBuildFile; fileRef = 417B2B181A92BF7D0030271B /* IQNSArray+Sort.m */; };
		417B2B371A92BF7D0030271B /* IQUIView+Hierarchy.m in Sources */ = {isa = PBXBuildFile; fileRef = 417B2B1A1A92BF7D0030271B /* IQUIView+Hierarchy.m */; };
		417B2B381A92BF7D0030271B /* IQUIWindow+Hierarchy.m in Sources */ = {isa = PBXBuildFile; fileRef = 417B2B1C1A92BF7D0030271B /* IQUIWindow+Hierarchy.m */; };
		417B2B391A92BF7D0030271B /* IQKeyboardManager.m in Sources */ = {isa = PBXBuildFile; fileRef = 417B2B211A92BF7D0030271B /* IQKeyboardManager.m */; };
		417B2B3A1A92BF7D0030271B /* IQKeyboardReturnKeyHandler.m in Sources */ = {isa = PBXBuildFile; fileRef = 417B2B231A92BF7D0030271B /* IQKeyboardReturnKeyHandler.m */; };
		417B2B3B1A92BF7D0030271B /* IQSegmentedNextPrevious.m in Sources */ = {isa = PBXBuildFile; fileRef = 417B2B261A92BF7D0030271B /* IQSegmentedNextPrevious.m */; };
		417B2B3C1A92BF7D0030271B /* IQTextView.m in Sources */ = {isa = PBXBuildFile; fileRef = 417B2B291A92BF7D0030271B /* IQTextView.m */; };
		417B2B3D1A92BF7D0030271B /* IQBarButtonItem.m in Sources */ = {isa = PBXBuildFile; fileRef = 417B2B2C1A92BF7D0030271B /* IQBarButtonItem.m */; };
		417B2B3E1A92BF7D0030271B /* IQTitleBarButtonItem.m in Sources */ = {isa = PBXBuildFile; fileRef = 417B2B2E1A92BF7D0030271B /* IQTitleBarButtonItem.m */; };
		417B2B3F1A92BF7D0030271B /* IQToolbar.m in Sources */ = {isa = PBXBuildFile; fileRef = 417B2B301A92BF7D0030271B /* IQToolbar.m */; };
		417B2B401A92BF7D0030271B /* IQUIView+IQKeyboardToolbar.m in Sources */ = {isa = PBXBuildFile; fileRef = 417B2B321A92BF7D0030271B /* IQUIView+IQKeyboardToolbar.m */; };
/* End PBXBuildFile section */

/* Begin PBXContainerItemProxy section */
		417B2B091A92BF520030271B /* PBXContainerItemProxy */ = {
			isa = PBXContainerItemProxy;
			containerPortal = 417B2AF41A92BF520030271B /* Project object */;
			proxyType = 1;
			remoteGlobalIDString = 417B2AFB1A92BF520030271B;
			remoteInfo = IQKeyboardManager;
		};
/* End PBXContainerItemProxy section */

/* Begin PBXCopyFilesBuildPhase section */
		417B2AFA1A92BF520030271B /* CopyFiles */ = {
			isa = PBXCopyFilesBuildPhase;
			buildActionMask = 2147483647;
			dstPath = "include/$(PRODUCT_NAME)";
			dstSubfolderSpec = 16;
			files = (
			);
			runOnlyForDeploymentPostprocessing = 0;
		};
/* End PBXCopyFilesBuildPhase section */

/* Begin PBXFileReference section */
		417B2AFC1A92BF520030271B /* libIQKeyboardManager.a */ = {isa = PBXFileReference; explicitFileType = archive.ar; includeInIndex = 0; path = libIQKeyboardManager.a; sourceTree = BUILT_PRODUCTS_DIR; };
		417B2B071A92BF520030271B /* IQKeyboardManagerTests.xctest */ = {isa = PBXFileReference; explicitFileType = wrapper.cfbundle; includeInIndex = 0; path = IQKeyboardManagerTests.xctest; sourceTree = BUILT_PRODUCTS_DIR; };
		417B2B0D1A92BF520030271B /* Info.plist */ = {isa = PBXFileReference; lastKnownFileType = text.plist.xml; path = Info.plist; sourceTree = "<group>"; };
		417B2B171A92BF7D0030271B /* IQNSArray+Sort.h */ = {isa = PBXFileReference; fileEncoding = 4; lastKnownFileType = sourcecode.c.h; path = "IQNSArray+Sort.h"; sourceTree = "<group>"; };
		417B2B181A92BF7D0030271B /* IQNSArray+Sort.m */ = {isa = PBXFileReference; fileEncoding = 4; lastKnownFileType = sourcecode.c.objc; path = "IQNSArray+Sort.m"; sourceTree = "<group>"; };
		417B2B191A92BF7D0030271B /* IQUIView+Hierarchy.h */ = {isa = PBXFileReference; fileEncoding = 4; lastKnownFileType = sourcecode.c.h; path = "IQUIView+Hierarchy.h"; sourceTree = "<group>"; };
		417B2B1A1A92BF7D0030271B /* IQUIView+Hierarchy.m */ = {isa = PBXFileReference; fileEncoding = 4; lastKnownFileType = sourcecode.c.objc; path = "IQUIView+Hierarchy.m"; sourceTree = "<group>"; };
		417B2B1B1A92BF7D0030271B /* IQUIWindow+Hierarchy.h */ = {isa = PBXFileReference; fileEncoding = 4; lastKnownFileType = sourcecode.c.h; path = "IQUIWindow+Hierarchy.h"; sourceTree = "<group>"; };
		417B2B1C1A92BF7D0030271B /* IQUIWindow+Hierarchy.m */ = {isa = PBXFileReference; fileEncoding = 4; lastKnownFileType = sourcecode.c.objc; path = "IQUIWindow+Hierarchy.m"; sourceTree = "<group>"; };
		417B2B1E1A92BF7D0030271B /* IQKeyboardManagerConstants.h */ = {isa = PBXFileReference; fileEncoding = 4; lastKnownFileType = sourcecode.c.h; path = IQKeyboardManagerConstants.h; sourceTree = "<group>"; };
		417B2B1F1A92BF7D0030271B /* IQKeyboardManagerConstantsInternal.h */ = {isa = PBXFileReference; fileEncoding = 4; lastKnownFileType = sourcecode.c.h; path = IQKeyboardManagerConstantsInternal.h; sourceTree = "<group>"; };
		417B2B201A92BF7D0030271B /* IQKeyboardManager.h */ = {isa = PBXFileReference; fileEncoding = 4; lastKnownFileType = sourcecode.c.h; path = IQKeyboardManager.h; sourceTree = SOURCE_ROOT; };
		417B2B211A92BF7D0030271B /* IQKeyboardManager.m */ = {isa = PBXFileReference; fileEncoding = 4; lastKnownFileType = sourcecode.c.objc; path = IQKeyboardManager.m; sourceTree = SOURCE_ROOT; };
		417B2B221A92BF7D0030271B /* IQKeyboardReturnKeyHandler.h */ = {isa = PBXFileReference; fileEncoding = 4; lastKnownFileType = sourcecode.c.h; name = IQKeyboardReturnKeyHandler.h; path = ../IQKeyboardReturnKeyHandler.h; sourceTree = "<group>"; };
		417B2B231A92BF7D0030271B /* IQKeyboardReturnKeyHandler.m */ = {isa = PBXFileReference; fileEncoding = 4; lastKnownFileType = sourcecode.c.objc; name = IQKeyboardReturnKeyHandler.m; path = ../IQKeyboardReturnKeyHandler.m; sourceTree = "<group>"; };
		417B2B251A92BF7D0030271B /* IQSegmentedNextPrevious.h */ = {isa = PBXFileReference; fileEncoding = 4; lastKnownFileType = sourcecode.c.h; path = IQSegmentedNextPrevious.h; sourceTree = "<group>"; };
		417B2B261A92BF7D0030271B /* IQSegmentedNextPrevious.m */ = {isa = PBXFileReference; fileEncoding = 4; lastKnownFileType = sourcecode.c.objc; path = IQSegmentedNextPrevious.m; sourceTree = "<group>"; };
		417B2B281A92BF7D0030271B /* IQTextView.h */ = {isa = PBXFileReference; fileEncoding = 4; lastKnownFileType = sourcecode.c.h; path = IQTextView.h; sourceTree = "<group>"; };
		417B2B291A92BF7D0030271B /* IQTextView.m */ = {isa = PBXFileReference; fileEncoding = 4; lastKnownFileType = sourcecode.c.objc; path = IQTextView.m; sourceTree = "<group>"; };
		417B2B2B1A92BF7D0030271B /* IQBarButtonItem.h */ = {isa = PBXFileReference; fileEncoding = 4; lastKnownFileType = sourcecode.c.h; path = IQBarButtonItem.h; sourceTree = "<group>"; };
		417B2B2C1A92BF7D0030271B /* IQBarButtonItem.m */ = {isa = PBXFileReference; fileEncoding = 4; lastKnownFileType = sourcecode.c.objc; path = IQBarButtonItem.m; sourceTree = "<group>"; };
		417B2B2D1A92BF7D0030271B /* IQTitleBarButtonItem.h */ = {isa = PBXFileReference; fileEncoding = 4; lastKnownFileType = sourcecode.c.h; path = IQTitleBarButtonItem.h; sourceTree = "<group>"; };
		417B2B2E1A92BF7D0030271B /* IQTitleBarButtonItem.m */ = {isa = PBXFileReference; fileEncoding = 4; lastKnownFileType = sourcecode.c.objc; path = IQTitleBarButtonItem.m; sourceTree = "<group>"; };
		417B2B2F1A92BF7D0030271B /* IQToolbar.h */ = {isa = PBXFileReference; fileEncoding = 4; lastKnownFileType = sourcecode.c.h; path = IQToolbar.h; sourceTree = "<group>"; };
		417B2B301A92BF7D0030271B /* IQToolbar.m */ = {isa = PBXFileReference; fileEncoding = 4; lastKnownFileType = sourcecode.c.objc; path = IQToolbar.m; sourceTree = "<group>"; };
		417B2B311A92BF7D0030271B /* IQUIView+IQKeyboardToolbar.h */ = {isa = PBXFileReference; fileEncoding = 4; lastKnownFileType = sourcecode.c.h; path = "IQUIView+IQKeyboardToolbar.h"; sourceTree = "<group>"; };
		417B2B321A92BF7D0030271B /* IQUIView+IQKeyboardToolbar.m */ = {isa = PBXFileReference; fileEncoding = 4; lastKnownFileType = sourcecode.c.objc; path = "IQUIView+IQKeyboardToolbar.m"; sourceTree = "<group>"; };
		417B2B331A92BF7D0030271B /* KeyboardManager.h */ = {isa = PBXFileReference; fileEncoding = 4; lastKnownFileType = sourcecode.c.h; name = KeyboardManager.h; path = ../KeyboardManager.h; sourceTree = "<group>"; };
		417B2B351A92BF7D0030271B /* IQKeyboardManager.bundle */ = {isa = PBXFileReference; lastKnownFileType = "wrapper.plug-in"; path = IQKeyboardManager.bundle; sourceTree = "<group>"; };
/* End PBXFileReference section */

/* Begin PBXFrameworksBuildPhase section */
		417B2AF91A92BF520030271B /* Frameworks */ = {
			isa = PBXFrameworksBuildPhase;
			buildActionMask = 2147483647;
			files = (
			);
			runOnlyForDeploymentPostprocessing = 0;
		};
		417B2B041A92BF520030271B /* Frameworks */ = {
			isa = PBXFrameworksBuildPhase;
			buildActionMask = 2147483647;
			files = (
				417B2B081A92BF520030271B /* libIQKeyboardManager.a in Frameworks */,
			);
			runOnlyForDeploymentPostprocessing = 0;
		};
/* End PBXFrameworksBuildPhase section */

/* Begin PBXGroup section */
		417B2AF31A92BF520030271B = {
			isa = PBXGroup;
			children = (
				417B2AFE1A92BF520030271B /* IQKeyboardManager */,
				417B2B0B1A92BF520030271B /* IQKeyboardManagerTests */,
				417B2AFD1A92BF520030271B /* Products */,
			);
			sourceTree = "<group>";
		};
		417B2AFD1A92BF520030271B /* Products */ = {
			isa = PBXGroup;
			children = (
				417B2AFC1A92BF520030271B /* libIQKeyboardManager.a */,
				417B2B071A92BF520030271B /* IQKeyboardManagerTests.xctest */,
			);
			name = Products;
			sourceTree = "<group>";
		};
		417B2AFE1A92BF520030271B /* IQKeyboardManager */ = {
			isa = PBXGroup;
			children = (
				417B2B161A92BF7D0030271B /* Categories */,
				417B2B1D1A92BF7D0030271B /* Constants */,
				417B2B201A92BF7D0030271B /* IQKeyboardManager.h */,
				417B2B211A92BF7D0030271B /* IQKeyboardManager.m */,
				417B2B221A92BF7D0030271B /* IQKeyboardReturnKeyHandler.h */,
				417B2B231A92BF7D0030271B /* IQKeyboardReturnKeyHandler.m */,
				417B2B241A92BF7D0030271B /* IQSegmentedNextPrevious */,
				417B2B271A92BF7D0030271B /* IQTextView */,
				417B2B2A1A92BF7D0030271B /* IQToolbar */,
				417B2B331A92BF7D0030271B /* KeyboardManager.h */,
				417B2B341A92BF7D0030271B /* Resources */,
			);
			path = IQKeyboardManager;
			sourceTree = "<group>";
		};
		417B2B0B1A92BF520030271B /* IQKeyboardManagerTests */ = {
			isa = PBXGroup;
			children = (
				417B2B0C1A92BF520030271B /* Supporting Files */,
			);
			path = IQKeyboardManagerTests;
			sourceTree = "<group>";
		};
		417B2B0C1A92BF520030271B /* Supporting Files */ = {
			isa = PBXGroup;
			children = (
				417B2B0D1A92BF520030271B /* Info.plist */,
			);
			name = "Supporting Files";
			sourceTree = "<group>";
		};
		417B2B161A92BF7D0030271B /* Categories */ = {
			isa = PBXGroup;
			children = (
				417B2B171A92BF7D0030271B /* IQNSArray+Sort.h */,
				417B2B181A92BF7D0030271B /* IQNSArray+Sort.m */,
				417B2B191A92BF7D0030271B /* IQUIView+Hierarchy.h */,
				417B2B1A1A92BF7D0030271B /* IQUIView+Hierarchy.m */,
				417B2B1B1A92BF7D0030271B /* IQUIWindow+Hierarchy.h */,
				417B2B1C1A92BF7D0030271B /* IQUIWindow+Hierarchy.m */,
			);
			name = Categories;
			path = ../Categories;
			sourceTree = "<group>";
		};
		417B2B1D1A92BF7D0030271B /* Constants */ = {
			isa = PBXGroup;
			children = (
				417B2B1E1A92BF7D0030271B /* IQKeyboardManagerConstants.h */,
				417B2B1F1A92BF7D0030271B /* IQKeyboardManagerConstantsInternal.h */,
			);
			name = Constants;
			path = ../Constants;
			sourceTree = "<group>";
		};
		417B2B241A92BF7D0030271B /* IQSegmentedNextPrevious */ = {
			isa = PBXGroup;
			children = (
				417B2B251A92BF7D0030271B /* IQSegmentedNextPrevious.h */,
				417B2B261A92BF7D0030271B /* IQSegmentedNextPrevious.m */,
			);
			name = IQSegmentedNextPrevious;
			path = ../IQSegmentedNextPrevious;
			sourceTree = "<group>";
		};
		417B2B271A92BF7D0030271B /* IQTextView */ = {
			isa = PBXGroup;
			children = (
				417B2B281A92BF7D0030271B /* IQTextView.h */,
				417B2B291A92BF7D0030271B /* IQTextView.m */,
			);
			name = IQTextView;
			path = ../IQTextView;
			sourceTree = "<group>";
		};
		417B2B2A1A92BF7D0030271B /* IQToolbar */ = {
			isa = PBXGroup;
			children = (
				417B2B2B1A92BF7D0030271B /* IQBarButtonItem.h */,
				417B2B2C1A92BF7D0030271B /* IQBarButtonItem.m */,
				417B2B2D1A92BF7D0030271B /* IQTitleBarButtonItem.h */,
				417B2B2E1A92BF7D0030271B /* IQTitleBarButtonItem.m */,
				417B2B2F1A92BF7D0030271B /* IQToolbar.h */,
				417B2B301A92BF7D0030271B /* IQToolbar.m */,
				417B2B311A92BF7D0030271B /* IQUIView+IQKeyboardToolbar.h */,
				417B2B321A92BF7D0030271B /* IQUIView+IQKeyboardToolbar.m */,
			);
			name = IQToolbar;
			path = ../IQToolbar;
			sourceTree = "<group>";
		};
		417B2B341A92BF7D0030271B /* Resources */ = {
			isa = PBXGroup;
			children = (
				417B2B351A92BF7D0030271B /* IQKeyboardManager.bundle */,
			);
			name = Resources;
			path = ../Resources;
			sourceTree = "<group>";
		};
/* End PBXGroup section */

/* Begin PBXNativeTarget section */
		417B2AFB1A92BF520030271B /* IQKeyboardManager */ = {
			isa = PBXNativeTarget;
			buildConfigurationList = 417B2B101A92BF520030271B /* Build configuration list for PBXNativeTarget "IQKeyboardManager" */;
			buildPhases = (
				417B2AF81A92BF520030271B /* Sources */,
				417B2AF91A92BF520030271B /* Frameworks */,
				417B2AFA1A92BF520030271B /* CopyFiles */,
			);
			buildRules = (
			);
			dependencies = (
			);
			name = IQKeyboardManager;
			productName = IQKeyboardManager;
			productReference = 417B2AFC1A92BF520030271B /* libIQKeyboardManager.a */;
			productType = "com.apple.product-type.library.static";
		};
		417B2B061A92BF520030271B /* IQKeyboardManagerTests */ = {
			isa = PBXNativeTarget;
			buildConfigurationList = 417B2B131A92BF520030271B /* Build configuration list for PBXNativeTarget "IQKeyboardManagerTests" */;
			buildPhases = (
				417B2B031A92BF520030271B /* Sources */,
				417B2B041A92BF520030271B /* Frameworks */,
				417B2B051A92BF520030271B /* Resources */,
			);
			buildRules = (
			);
			dependencies = (
				417B2B0A1A92BF520030271B /* PBXTargetDependency */,
			);
			name = IQKeyboardManagerTests;
			productName = IQKeyboardManagerTests;
			productReference = 417B2B071A92BF520030271B /* IQKeyboardManagerTests.xctest */;
			productType = "com.apple.product-type.bundle.unit-test";
		};
/* End PBXNativeTarget section */

/* Begin PBXProject section */
		417B2AF41A92BF520030271B /* Project object */ = {
			isa = PBXProject;
			attributes = {
				LastUpgradeCheck = 0610;
				ORGANIZATIONNAME = "Eight-Bot, Inc.";
				TargetAttributes = {
					417B2AFB1A92BF520030271B = {
						CreatedOnToolsVersion = 6.1.1;
					};
					417B2B061A92BF520030271B = {
						CreatedOnToolsVersion = 6.1.1;
					};
				};
			};
			buildConfigurationList = 417B2AF71A92BF520030271B /* Build configuration list for PBXProject "IQKeyboardManager" */;
			compatibilityVersion = "Xcode 3.2";
			developmentRegion = English;
			hasScannedForEncodings = 0;
			knownRegions = (
				en,
			);
			mainGroup = 417B2AF31A92BF520030271B;
			productRefGroup = 417B2AFD1A92BF520030271B /* Products */;
			projectDirPath = "";
			projectRoot = "";
			targets = (
				417B2AFB1A92BF520030271B /* IQKeyboardManager */,
				417B2B061A92BF520030271B /* IQKeyboardManagerTests */,
			);
		};
/* End PBXProject section */

/* Begin PBXResourcesBuildPhase section */
		417B2B051A92BF520030271B /* Resources */ = {
			isa = PBXResourcesBuildPhase;
			buildActionMask = 2147483647;
			files = (
			);
			runOnlyForDeploymentPostprocessing = 0;
		};
/* End PBXResourcesBuildPhase section */

/* Begin PBXSourcesBuildPhase section */
		417B2AF81A92BF520030271B /* Sources */ = {
			isa = PBXSourcesBuildPhase;
			buildActionMask = 2147483647;
			files = (
				417B2B3A1A92BF7D0030271B /* IQKeyboardReturnKeyHandler.m in Sources */,
				417B2B391A92BF7D0030271B /* IQKeyboardManager.m in Sources */,
				417B2B3B1A92BF7D0030271B /* IQSegmentedNextPrevious.m in Sources */,
				417B2B401A92BF7D0030271B /* IQUIView+IQKeyboardToolbar.m in Sources */,
				417B2B381A92BF7D0030271B /* IQUIWindow+Hierarchy.m in Sources */,
				417B2B3E1A92BF7D0030271B /* IQTitleBarButtonItem.m in Sources */,
				417B2B3F1A92BF7D0030271B /* IQToolbar.m in Sources */,
				417B2B371A92BF7D0030271B /* IQUIView+Hierarchy.m in Sources */,
				417B2B361A92BF7D0030271B /* IQNSArray+Sort.m in Sources */,
				417B2B3D1A92BF7D0030271B /* IQBarButtonItem.m in Sources */,
				417B2B3C1A92BF7D0030271B /* IQTextView.m in Sources */,
			);
			runOnlyForDeploymentPostprocessing = 0;
		};
		417B2B031A92BF520030271B /* Sources */ = {
			isa = PBXSourcesBuildPhase;
			buildActionMask = 2147483647;
			files = (
			);
			runOnlyForDeploymentPostprocessing = 0;
		};
/* End PBXSourcesBuildPhase section */

/* Begin PBXTargetDependency section */
		417B2B0A1A92BF520030271B /* PBXTargetDependency */ = {
			isa = PBXTargetDependency;
			target = 417B2AFB1A92BF520030271B /* IQKeyboardManager */;
			targetProxy = 417B2B091A92BF520030271B /* PBXContainerItemProxy */;
		};
/* End PBXTargetDependency section */

/* Begin XCBuildConfiguration section */
		417B2B0E1A92BF520030271B /* Debug */ = {
			isa = XCBuildConfiguration;
			buildSettings = {
				ALWAYS_SEARCH_USER_PATHS = NO;
				CLANG_CXX_LANGUAGE_STANDARD = "gnu++0x";
				CLANG_CXX_LIBRARY = "libc++";
				CLANG_ENABLE_MODULES = YES;
				CLANG_ENABLE_OBJC_ARC = YES;
				CLANG_WARN_BOOL_CONVERSION = YES;
				CLANG_WARN_CONSTANT_CONVERSION = YES;
				CLANG_WARN_DIRECT_OBJC_ISA_USAGE = YES_ERROR;
				CLANG_WARN_EMPTY_BODY = YES;
				CLANG_WARN_ENUM_CONVERSION = YES;
				CLANG_WARN_INT_CONVERSION = YES;
				CLANG_WARN_OBJC_ROOT_CLASS = YES_ERROR;
				CLANG_WARN_UNREACHABLE_CODE = YES;
				CLANG_WARN__DUPLICATE_METHOD_MATCH = YES;
				COPY_PHASE_STRIP = NO;
				ENABLE_STRICT_OBJC_MSGSEND = YES;
				GCC_C_LANGUAGE_STANDARD = gnu99;
				GCC_DYNAMIC_NO_PIC = NO;
				GCC_OPTIMIZATION_LEVEL = 0;
				GCC_PREPROCESSOR_DEFINITIONS = (
					"DEBUG=1",
					"$(inherited)",
				);
				GCC_SYMBOLS_PRIVATE_EXTERN = NO;
				GCC_WARN_64_TO_32_BIT_CONVERSION = YES;
				GCC_WARN_ABOUT_RETURN_TYPE = YES_ERROR;
				GCC_WARN_UNDECLARED_SELECTOR = YES;
				GCC_WARN_UNINITIALIZED_AUTOS = YES_AGGRESSIVE;
				GCC_WARN_UNUSED_FUNCTION = YES;
				GCC_WARN_UNUSED_VARIABLE = YES;
				IPHONEOS_DEPLOYMENT_TARGET = 8.1;
				MTL_ENABLE_DEBUG_INFO = YES;
				ONLY_ACTIVE_ARCH = YES;
				SDKROOT = iphoneos;
			};
			name = Debug;
		};
		417B2B0F1A92BF520030271B /* Release */ = {
			isa = XCBuildConfiguration;
			buildSettings = {
				ALWAYS_SEARCH_USER_PATHS = NO;
				CLANG_CXX_LANGUAGE_STANDARD = "gnu++0x";
				CLANG_CXX_LIBRARY = "libc++";
				CLANG_ENABLE_MODULES = YES;
				CLANG_ENABLE_OBJC_ARC = YES;
				CLANG_WARN_BOOL_CONVERSION = YES;
				CLANG_WARN_CONSTANT_CONVERSION = YES;
				CLANG_WARN_DIRECT_OBJC_ISA_USAGE = YES_ERROR;
				CLANG_WARN_EMPTY_BODY = YES;
				CLANG_WARN_ENUM_CONVERSION = YES;
				CLANG_WARN_INT_CONVERSION = YES;
				CLANG_WARN_OBJC_ROOT_CLASS = YES_ERROR;
				CLANG_WARN_UNREACHABLE_CODE = YES;
				CLANG_WARN__DUPLICATE_METHOD_MATCH = YES;
				COPY_PHASE_STRIP = YES;
				ENABLE_NS_ASSERTIONS = NO;
				ENABLE_STRICT_OBJC_MSGSEND = YES;
				GCC_C_LANGUAGE_STANDARD = gnu99;
				GCC_WARN_64_TO_32_BIT_CONVERSION = YES;
				GCC_WARN_ABOUT_RETURN_TYPE = YES_ERROR;
				GCC_WARN_UNDECLARED_SELECTOR = YES;
				GCC_WARN_UNINITIALIZED_AUTOS = YES_AGGRESSIVE;
				GCC_WARN_UNUSED_FUNCTION = YES;
				GCC_WARN_UNUSED_VARIABLE = YES;
				IPHONEOS_DEPLOYMENT_TARGET = 8.1;
				MTL_ENABLE_DEBUG_INFO = NO;
				SDKROOT = iphoneos;
				VALIDATE_PRODUCT = YES;
			};
			name = Release;
		};
		417B2B111A92BF520030271B /* Debug */ = {
			isa = XCBuildConfiguration;
			buildSettings = {
				CODE_SIGN_IDENTITY = "iPhone Developer: Michael Stonis (R52XGKRU6T)";
				OTHER_LDFLAGS = "-ObjC";
				PRODUCT_NAME = "$(TARGET_NAME)";
				PROVISIONING_PROFILE = "56b8b602-f70a-4a0c-ab26-aeccb84b6231";
				SKIP_INSTALL = YES;
			};
			name = Debug;
		};
		417B2B121A92BF520030271B /* Release */ = {
			isa = XCBuildConfiguration;
			buildSettings = {
				CODE_SIGN_IDENTITY = "iPhone Distribution: Michael Stonis (35V95A4C8S)";
				ONLY_ACTIVE_ARCH = NO;
				OTHER_LDFLAGS = "-ObjC";
				PRODUCT_NAME = "$(TARGET_NAME)";
				PROVISIONING_PROFILE = "56b8b602-f70a-4a0c-ab26-aeccb84b6231";
				SKIP_INSTALL = YES;
			};
			name = Release;
		};
		417B2B141A92BF520030271B /* Debug */ = {
			isa = XCBuildConfiguration;
			buildSettings = {
				CODE_SIGN_IDENTITY = "iPhone Developer";
				FRAMEWORK_SEARCH_PATHS = (
					"$(SDKROOT)/Developer/Library/Frameworks",
					"$(inherited)",
				);
				GCC_PREPROCESSOR_DEFINITIONS = (
					"DEBUG=1",
					"$(inherited)",
				);
				INFOPLIST_FILE = IQKeyboardManagerTests/Info.plist;
				LD_RUNPATH_SEARCH_PATHS = "$(inherited) @executable_path/Frameworks @loader_path/Frameworks";
				ONLY_ACTIVE_ARCH = YES;
				PRODUCT_NAME = "$(TARGET_NAME)";
			};
			name = Debug;
		};
		417B2B151A92BF520030271B /* Release */ = {
			isa = XCBuildConfiguration;
			buildSettings = {
				CODE_SIGN_IDENTITY = "iPhone Distribution";
				FRAMEWORK_SEARCH_PATHS = (
					"$(SDKROOT)/Developer/Library/Frameworks",
					"$(inherited)",
				);
				INFOPLIST_FILE = IQKeyboardManagerTests/Info.plist;
				LD_RUNPATH_SEARCH_PATHS = "$(inherited) @executable_path/Frameworks @loader_path/Frameworks";
				ONLY_ACTIVE_ARCH = YES;
				PRODUCT_NAME = "$(TARGET_NAME)";
			};
			name = Release;
		};
/* End XCBuildConfiguration section */

/* Begin XCConfigurationList section */
		417B2AF71A92BF520030271B /* Build configuration list for PBXProject "IQKeyboardManager" */ = {
			isa = XCConfigurationList;
			buildConfigurations = (
				417B2B0E1A92BF520030271B /* Debug */,
				417B2B0F1A92BF520030271B /* Release */,
			);
			defaultConfigurationIsVisible = 0;
			defaultConfigurationName = Release;
		};
		417B2B101A92BF520030271B /* Build configuration list for PBXNativeTarget "IQKeyboardManager" */ = {
			isa = XCConfigurationList;
			buildConfigurations = (
				417B2B111A92BF520030271B /* Debug */,
				417B2B121A92BF520030271B /* Release */,
			);
			defaultConfigurationIsVisible = 0;
			defaultConfigurationName = Release;
		};
		417B2B131A92BF520030271B /* Build configuration list for PBXNativeTarget "IQKeyboardManagerTests" */ = {
			isa = XCConfigurationList;
			buildConfigurations = (
				417B2B141A92BF520030271B /* Debug */,
				417B2B151A92BF520030271B /* Release */,
			);
			defaultConfigurationIsVisible = 0;
			defaultConfigurationName = Release;
		};
/* End XCConfigurationList section */
	};
	rootObject = 417B2AF41A92BF520030271B /* Project object */;
}
